{
    "develop": {},
    "_meta": {
        "requires": {},
        "Pipfile-sha256": "32a10fb328f676f6f647edcb90286b7b884b228972f86c8b292220b3f25351e7",
        "sources": [
            {
                "verify_ssl": true,
                "url": "https://pypi.org/"
            }
        ]
    },
    "default": {
        "py8chan": {
            "git": "https://github.com/bibanon/py8chan"
        },
        "websocket-client": "==0.40.0",
        "basc-py4chan": {
            "git": "https://github.com/bibanon/basc-py4chan"
        },
        "pyflakes": "==1.3.0",
        "requests": "==2.13.0",
        "pycodestyle": "==2.2.0",
        "crayons": "==0.1.2",
        "python-magic": "==0.4.12",
        "pushbullet.py": "==0.10.0",
        "packaging": "==16.8",
        "mccabe": "==0.5.3",
        "MarkupSafe": "==0.23",
        "beautifulsoup4": "==4.5.3",
        "html5lib": "==0.999999999",
        "flake8": "==3.2.1",
        "pyparsing": "==2.1.10",
        "six": "==1.10.0",
        "bs4": "==0.0.1",
        "pytz": "==2016.10",
        "colorama": "==0.3.7",
        "appdirs": "==1.4.0",
        "Jinja2": "==2.8",
        "webencodings": "==0.5"
    }
}